
Microsoft Visual Studio Solution File, Format Version 12.00
Project("{FAE04EC0-301F-11D3-BF4B-00C04F79EFBC}") = "Cafeinated.Backend.App", "Cafeinated.Backend.App\Cafeinated.Backend.App.csproj", "{751C857A-6A15-46E2-B88D-69456EB225CD}"
EndProject
Project("{FAE04EC0-301F-11D3-BF4B-00C04F79EFBC}") = "Cafeinated.Backend.Core", "Cafeinated.Backend.Core\Cafeinated.Backend.Core.csproj", "{F2C97518-FE5E-4FCE-99CC-10C59AEB0F44}"
EndProject
Project("{FAE04EC0-301F-11D3-BF4B-00C04F79EFBC}") = "Cafeinated.Backend.Infrastructure", "Cafeinated.Backend.Infrastructure\Cafeinated.Backend.Infrastructure.csproj", "{B3D10FE3-8A5C-40BA-A524-7392AA9F8814}"
EndProject
Global
	GlobalSection(SolutionConfigurationPlatforms) = preSolution
		Debug|Any CPU = Debug|Any CPU
		Release|Any CPU = Release|Any CPU
	EndGlobalSection
	GlobalSection(ProjectConfigurationPlatforms) = postSolution
		{751C857A-6A15-46E2-B88D-69456EB225CD}.Debug|Any CPU.ActiveCfg = Debug|Any CPU
		{751C857A-6A15-46E2-B88D-69456EB225CD}.Debug|Any CPU.Build.0 = Debug|Any CPU
		{751C857A-6A15-46E2-B88D-69456EB225CD}.Release|Any CPU.ActiveCfg = Release|Any CPU
		{751C857A-6A15-46E2-B88D-69456EB225CD}.Release|Any CPU.Build.0 = Release|Any CPU
		{F2C97518-FE5E-4FCE-99CC-10C59AEB0F44}.Debug|Any CPU.ActiveCfg = Debug|Any CPU
		{F2C97518-FE5E-4FCE-99CC-10C59AEB0F44}.Debug|Any CPU.Build.0 = Debug|Any CPU
		{F2C97518-FE5E-4FCE-99CC-10C59AEB0F44}.Release|Any CPU.ActiveCfg = Release|Any CPU
		{F2C97518-FE5E-4FCE-99CC-10C59AEB0F44}.Release|Any CPU.Build.0 = Release|Any CPU
		{B3D10FE3-8A5C-40BA-A524-7392AA9F8814}.Debug|Any CPU.ActiveCfg = Debug|Any CPU
		{B3D10FE3-8A5C-40BA-A524-7392AA9F8814}.Debug|Any CPU.Build.0 = Debug|Any CPU
		{B3D10FE3-8A5C-40BA-A524-7392AA9F8814}.Release|Any CPU.ActiveCfg = Release|Any CPU
		{B3D10FE3-8A5C-40BA-A524-7392AA9F8814}.Release|Any CPU.Build.0 = Release|Any CPU
	EndGlobalSection
EndGlobal
